
Microsoft Visual Studio Solution File, Format Version 12.00
# Visual Studio Version 17
VisualStudioVersion = 17.0.31903.59
MinimumVisualStudioVersion = 10.0.40219.1
Project("{FAE04EC0-301F-11D3-BF4B-00C04F79EFBC}") = "API", "API\API.csproj", "{4DB29F6D-4037-4C5E-9332-2B62E20834C9}"
EndProject
Project("{FAE04EC0-301F-11D3-BF4B-00C04F79EFBC}") = "Application", "Application\Application.csproj", "{105081FC-6F13-42A0-A1F9-E2F8C6B01206}"
EndProject
Project("{FAE04EC0-301F-11D3-BF4B-00C04F79EFBC}") = "Domain", "Domain\Domain.csproj", "{57B4383B-3CE7-4602-AB18-452B4B2C8047}"
EndProject
Project("{FAE04EC0-301F-11D3-BF4B-00C04F79EFBC}") = "Persistence", "Persistence\Persistence.csproj", "{3028014D-31E3-4609-8C53-A90C27B760AD}"
EndProject
Global
	GlobalSection(SolutionConfigurationPlatforms) = preSolution
		Debug|Any CPU = Debug|Any CPU
		Release|Any CPU = Release|Any CPU
	EndGlobalSection
	GlobalSection(SolutionProperties) = preSolution
		HideSolutionNode = FALSE
	EndGlobalSection
	GlobalSection(ProjectConfigurationPlatforms) = postSolution
		{4DB29F6D-4037-4C5E-9332-2B62E20834C9}.Debug|Any CPU.ActiveCfg = Debug|Any CPU
		{4DB29F6D-4037-4C5E-9332-2B62E20834C9}.Debug|Any CPU.Build.0 = Debug|Any CPU
		{4DB29F6D-4037-4C5E-9332-2B62E20834C9}.Release|Any CPU.ActiveCfg = Release|Any CPU
		{4DB29F6D-4037-4C5E-9332-2B62E20834C9}.Release|Any CPU.Build.0 = Release|Any CPU
		{105081FC-6F13-42A0-A1F9-E2F8C6B01206}.Debug|Any CPU.ActiveCfg = Debug|Any CPU
		{105081FC-6F13-42A0-A1F9-E2F8C6B01206}.Debug|Any CPU.Build.0 = Debug|Any CPU
		{105081FC-6F13-42A0-A1F9-E2F8C6B01206}.Release|Any CPU.ActiveCfg = Release|Any CPU
		{105081FC-6F13-42A0-A1F9-E2F8C6B01206}.Release|Any CPU.Build.0 = Release|Any CPU
		{57B4383B-3CE7-4602-AB18-452B4B2C8047}.Debug|Any CPU.ActiveCfg = Debug|Any CPU
		{57B4383B-3CE7-4602-AB18-452B4B2C8047}.Debug|Any CPU.Build.0 = Debug|Any CPU
		{57B4383B-3CE7-4602-AB18-452B4B2C8047}.Release|Any CPU.ActiveCfg = Release|Any CPU
		{57B4383B-3CE7-4602-AB18-452B4B2C8047}.Release|Any CPU.Build.0 = Release|Any CPU
		{3028014D-31E3-4609-8C53-A90C27B760AD}.Debug|Any CPU.ActiveCfg = Debug|Any CPU
		{3028014D-31E3-4609-8C53-A90C27B760AD}.Debug|Any CPU.Build.0 = Debug|Any CPU
		{3028014D-31E3-4609-8C53-A90C27B760AD}.Release|Any CPU.ActiveCfg = Release|Any CPU
		{3028014D-31E3-4609-8C53-A90C27B760AD}.Release|Any CPU.Build.0 = Release|Any CPU
	EndGlobalSection
EndGlobal
